
Microsoft Visual Studio Solution File, Format Version 12.00
# Visual Studio 15
VisualStudioVersion = 15.0.28307.106
MinimumVisualStudioVersion = 10.0.40219.1
Project("{FAE04EC0-301F-11D3-BF4B-00C04F79EFBC}") = "3dmExtractor", "3dmExtractor\3dmExtractor.csproj", "{D58E91E2-535B-4184-8BAC-85760FDDAEC0}"
EndProject
Global
	GlobalSection(SolutionConfigurationPlatforms) = preSolution
		Debug|Any CPU = Debug|Any CPU
		Release|Any CPU = Release|Any CPU
	EndGlobalSection
	GlobalSection(ProjectConfigurationPlatforms) = postSolution
		{D58E91E2-535B-4184-8BAC-85760FDDAEC0}.Debug|Any CPU.ActiveCfg = Debug|Any CPU
		{D58E91E2-535B-4184-8BAC-85760FDDAEC0}.Debug|Any CPU.Build.0 = Debug|Any CPU
		{D58E91E2-535B-4184-8BAC-85760FDDAEC0}.Release|Any CPU.ActiveCfg = Release|Any CPU
		{D58E91E2-535B-4184-8BAC-85760FDDAEC0}.Release|Any CPU.Build.0 = Release|Any CPU
	EndGlobalSection
	GlobalSection(SolutionProperties) = preSolution
		HideSolutionNode = FALSE
	EndGlobalSection
	GlobalSection(ExtensibilityGlobals) = postSolution
		SolutionGuid = {715BD1E2-178F-4CFC-BCDE-0396300BF80F}
	EndGlobalSection
EndGlobal
